// !$*UTF8*$!
{
	archiveVersion = 1;
	classes = {
	};
	objectVersion = 44;
	objects = {

/* Begin PBXBuildFile section */
		8D11072A0486CEB800E47090 /* MainMenu.nib in Resources */ = {isa = PBXBuildFile; fileRef = 29B97318FDCFA39411CA2CEA /* MainMenu.nib */; };
		8D11072B0486CEB800E47090 /* InfoPlist.strings in Resources */ = {isa = PBXBuildFile; fileRef = 089C165CFE840E0CC02AAC07 /* InfoPlist.strings */; };
		8D11072D0486CEB800E47090 /* main.m in Sources */ = {isa = PBXBuildFile; fileRef = 29B97316FDCFA39411CA2CEA /* main.m */; settings = {ATTRIBUTES = (); }; };
		8D11072F0486CEB800E47090 /* Cocoa.framework in Frameworks */ = {isa = PBXBuildFile; fileRef = 1058C7A1FEA54F0111CA2CBB /* Cocoa.framework */; };
		E904C1B2129EC79D00D98879 /* libusb-1.0.0.dylib in Frameworks */ = {isa = PBXBuildFile; fileRef = E904C18C129EBEC600D98879 /* libusb-1.0.0.dylib */; };
		E9165BA6129B973000BE7F96 /* cameras.c in Sources */ = {isa = PBXBuildFile; fileRef = E9165B9A129B973000BE7F96 /* cameras.c */; };
		E9165BA8129B973000BE7F96 /* core.c in Sources */ = {isa = PBXBuildFile; fileRef = E9165B9C129B973000BE7F96 /* core.c */; };
		E9165BA9129B973000BE7F96 /* tilt.c in Sources */ = {isa = PBXBuildFile; fileRef = E9165B9E129B973000BE7F96 /* tilt.c */; };
		E9165BAA129B973000BE7F96 /* usb_libusb10.c in Sources */ = {isa = PBXBuildFile; fileRef = E9165B9F129B973000BE7F96 /* usb_libusb10.c */; };
		E9165BB0129B974C00BE7F96 /* AppController.m in Sources */ = {isa = PBXBuildFile; fileRef = E9165BAD129B974C00BE7F96 /* AppController.m */; };
		E9165BB1129B974C00BE7F96 /* SocketServer.m in Sources */ = {isa = PBXBuildFile; fileRef = E9165BAF129B974C00BE7F96 /* SocketServer.m */; };
		E9165BB3129B975900BE7F96 /* icon.icns in Resources */ = {isa = PBXBuildFile; fileRef = E9165BB2129B975900BE7F96 /* icon.icns */; };
		E9165BDD129B9AB500BE7F96 /* Kinect.m in Sources */ = {isa = PBXBuildFile; fileRef = E9165BDC129B9AB500BE7F96 /* Kinect.m */; };
/* End PBXBuildFile section */

/* Begin PBXFileReference section */
		089C165DFE840E0CC02AAC07 /* English */ = {isa = PBXFileReference; fileEncoding = 10; lastKnownFileType = text.plist.strings; name = English; path = English.lproj/InfoPlist.strings; sourceTree = "<group>"; };
		1058C7A1FEA54F0111CA2CBB /* Cocoa.framework */ = {isa = PBXFileReference; lastKnownFileType = wrapper.framework; name = Cocoa.framework; path = /System/Library/Frameworks/Cocoa.framework; sourceTree = "<absolute>"; };
		13E42FB307B3F0F600E4EEF1 /* CoreData.framework */ = {isa = PBXFileReference; lastKnownFileType = wrapper.framework; name = CoreData.framework; path = /System/Library/Frameworks/CoreData.framework; sourceTree = "<absolute>"; };
		29B97316FDCFA39411CA2CEA /* main.m */ = {isa = PBXFileReference; fileEncoding = 4; lastKnownFileType = sourcecode.c.objc; path = main.m; sourceTree = "<group>"; };
		29B97319FDCFA39411CA2CEA /* English */ = {isa = PBXFileReference; lastKnownFileType = wrapper.nib; name = English; path = English.lproj/MainMenu.nib; sourceTree = "<group>"; };
		29B97324FDCFA39411CA2CEA /* AppKit.framework */ = {isa = PBXFileReference; lastKnownFileType = wrapper.framework; name = AppKit.framework; path = /System/Library/Frameworks/AppKit.framework; sourceTree = "<absolute>"; };
		29B97325FDCFA39411CA2CEA /* Foundation.framework */ = {isa = PBXFileReference; lastKnownFileType = wrapper.framework; name = Foundation.framework; path = /System/Library/Frameworks/Foundation.framework; sourceTree = "<absolute>"; };
		32CA4F630368D1EE00C91783 /* flKinect_Prefix.pch */ = {isa = PBXFileReference; fileEncoding = 4; lastKnownFileType = sourcecode.c.h; path = flKinect_Prefix.pch; sourceTree = "<group>"; };
		8D1107310486CEB800E47090 /* Info.plist */ = {isa = PBXFileReference; fileEncoding = 4; lastKnownFileType = text.plist.xml; path = Info.plist; sourceTree = "<group>"; };
		8D1107320486CEB800E47090 /* flKinect.app */ = {isa = PBXFileReference; explicitFileType = wrapper.application; includeInIndex = 0; path = flKinect.app; sourceTree = BUILT_PRODUCTS_DIR; };
		E904C18C129EBEC600D98879 /* libusb-1.0.0.dylib */ = {isa = PBXFileReference; lastKnownFileType = "compiled.mach-o.dylib"; path = "libusb-1.0.0.dylib"; sourceTree = "<group>"; };
		E9165B97129B973000BE7F96 /* libfreenect.h */ = {isa = PBXFileReference; fileEncoding = 4; lastKnownFileType = sourcecode.c.h; path = libfreenect.h; sourceTree = "<group>"; };
		E9165B98129B973000BE7F96 /* libfreenect.hpp */ = {isa = PBXFileReference; fileEncoding = 4; lastKnownFileType = sourcecode.cpp.h; path = libfreenect.hpp; sourceTree = "<group>"; };
		E9165B9A129B973000BE7F96 /* cameras.c */ = {isa = PBXFileReference; fileEncoding = 4; lastKnownFileType = sourcecode.c.c; path = cameras.c; sourceTree = "<group>"; };
		E9165B9B129B973000BE7F96 /* CMakeLists.txt */ = {isa = PBXFileReference; fileEncoding = 4; lastKnownFileType = text; path = CMakeLists.txt; sourceTree = "<group>"; };
		E9165B9C129B973000BE7F96 /* core.c */ = {isa = PBXFileReference; fileEncoding = 4; lastKnownFileType = sourcecode.c.c; path = core.c; sourceTree = "<group>"; };
		E9165B9D129B973000BE7F96 /* freenect_internal.h */ = {isa = PBXFileReference; fileEncoding = 4; lastKnownFileType = sourcecode.c.h; path = freenect_internal.h; sourceTree = "<group>"; };
		E9165B9E129B973000BE7F96 /* tilt.c */ = {isa = PBXFileReference; fileEncoding = 4; lastKnownFileType = sourcecode.c.c; path = tilt.c; sourceTree = "<group>"; };
		E9165B9F129B973000BE7F96 /* usb_libusb10.c */ = {isa = PBXFileReference; fileEncoding = 4; lastKnownFileType = sourcecode.c.c; path = usb_libusb10.c; sourceTree = "<group>"; };
		E9165BA0129B973000BE7F96 /* usb_libusb10.h */ = {isa = PBXFileReference; fileEncoding = 4; lastKnownFileType = sourcecode.c.h; path = usb_libusb10.h; sourceTree = "<group>"; };
		E9165BA3129B973000BE7F96 /* libusb.h */ = {isa = PBXFileReference; fileEncoding = 4; lastKnownFileType = sourcecode.c.h; path = libusb.h; sourceTree = "<group>"; };
		E9165BAC129B974C00BE7F96 /* AppController.h */ = {isa = PBXFileReference; fileEncoding = 4; lastKnownFileType = sourcecode.c.h; name = AppController.h; path = Classes/AppController.h; sourceTree = "<group>"; };
		E9165BAD129B974C00BE7F96 /* AppController.m */ = {isa = PBXFileReference; fileEncoding = 4; lastKnownFileType = sourcecode.c.objc; name = AppController.m; path = Classes/AppController.m; sourceTree = "<group>"; };
		E9165BAE129B974C00BE7F96 /* SocketServer.h */ = {isa = PBXFileReference; fileEncoding = 4; lastKnownFileType = sourcecode.c.h; name = SocketServer.h; path = Classes/SocketServer.h; sourceTree = "<group>"; };
		E9165BAF129B974C00BE7F96 /* SocketServer.m */ = {isa = PBXFileReference; fileEncoding = 4; lastKnownFileType = sourcecode.c.objc; name = SocketServer.m; path = Classes/SocketServer.m; sourceTree = "<group>"; };
		E9165BB2129B975900BE7F96 /* icon.icns */ = {isa = PBXFileReference; lastKnownFileType = image.icns; name = icon.icns; path = design/icon.icns; sourceTree = "<group>"; };
		E9165BDB129B9AB500BE7F96 /* Kinect.h */ = {isa = PBXFileReference; fileEncoding = 4; lastKnownFileType = sourcecode.c.h; name = Kinect.h; path = Classes/Kinect.h; sourceTree = "<group>"; };
		E9165BDC129B9AB500BE7F96 /* Kinect.m */ = {isa = PBXFileReference; fileEncoding = 4; lastKnownFileType = sourcecode.c.objc; name = Kinect.m; path = Classes/Kinect.m; sourceTree = "<group>"; };
/* End PBXFileReference section */

/* Begin PBXFrameworksBuildPhase section */
		8D11072E0486CEB800E47090 /* Frameworks */ = {
			isa = PBXFrameworksBuildPhase;
			buildActionMask = 2147483647;
			files = (
				E904C1B2129EC79D00D98879 /* libusb-1.0.0.dylib in Frameworks */,
				8D11072F0486CEB800E47090 /* Cocoa.framework in Frameworks */,
			);
			runOnlyForDeploymentPostprocessing = 0;
		};
/* End PBXFrameworksBuildPhase section */

/* Begin PBXGroup section */
		080E96DDFE201D6D7F000001 /* Classes */ = {
			isa = PBXGroup;
			children = (
				E9165BDB129B9AB500BE7F96 /* Kinect.h */,
				E9165BDC129B9AB500BE7F96 /* Kinect.m */,
				E9165BAC129B974C00BE7F96 /* AppController.h */,
				E9165BAD129B974C00BE7F96 /* AppController.m */,
				E9165BAE129B974C00BE7F96 /* SocketServer.h */,
				E9165BAF129B974C00BE7F96 /* SocketServer.m */,
			);
			name = Classes;
			sourceTree = "<group>";
		};
		1058C7A0FEA54F0111CA2CBB /* Linked Frameworks */ = {
			isa = PBXGroup;
			children = (
				1058C7A1FEA54F0111CA2CBB /* Cocoa.framework */,
			);
			name = "Linked Frameworks";
			sourceTree = "<group>";
		};
		1058C7A2FEA54F0111CA2CBB /* Other Frameworks */ = {
			isa = PBXGroup;
			children = (
				29B97324FDCFA39411CA2CEA /* AppKit.framework */,
				13E42FB307B3F0F600E4EEF1 /* CoreData.framework */,
				29B97325FDCFA39411CA2CEA /* Foundation.framework */,
			);
			name = "Other Frameworks";
			sourceTree = "<group>";
		};
		19C28FACFE9D520D11CA2CBB /* Products */ = {
			isa = PBXGroup;
			children = (
				8D1107320486CEB800E47090 /* flKinect.app */,
			);
			name = Products;
			sourceTree = "<group>";
		};
		29B97314FDCFA39411CA2CEA /* flKinect */ = {
			isa = PBXGroup;
			children = (
				E9165B94129B973000BE7F96 /* libs */,
				080E96DDFE201D6D7F000001 /* Classes */,
				29B97315FDCFA39411CA2CEA /* Other Sources */,
				29B97317FDCFA39411CA2CEA /* Resources */,
				29B97323FDCFA39411CA2CEA /* Frameworks */,
				19C28FACFE9D520D11CA2CBB /* Products */,
			);
			name = flKinect;
			sourceTree = "<group>";
		};
		29B97315FDCFA39411CA2CEA /* Other Sources */ = {
			isa = PBXGroup;
			children = (
				32CA4F630368D1EE00C91783 /* flKinect_Prefix.pch */,
				29B97316FDCFA39411CA2CEA /* main.m */,
			);
			name = "Other Sources";
			sourceTree = "<group>";
		};
		29B97317FDCFA39411CA2CEA /* Resources */ = {
			isa = PBXGroup;
			children = (
				E9165BB2129B975900BE7F96 /* icon.icns */,
				8D1107310486CEB800E47090 /* Info.plist */,
				089C165CFE840E0CC02AAC07 /* InfoPlist.strings */,
				29B97318FDCFA39411CA2CEA /* MainMenu.nib */,
			);
			name = Resources;
			sourceTree = "<group>";
		};
		29B97323FDCFA39411CA2CEA /* Frameworks */ = {
			isa = PBXGroup;
			children = (
				1058C7A0FEA54F0111CA2CBB /* Linked Frameworks */,
				1058C7A2FEA54F0111CA2CBB /* Other Frameworks */,
			);
			name = Frameworks;
			sourceTree = "<group>";
		};
		E9165B94129B973000BE7F96 /* libs */ = {
			isa = PBXGroup;
			children = (
				E9165B95129B973000BE7F96 /* libfreenect */,
				E9165BA1129B973000BE7F96 /* libusb */,
			);
			path = libs;
			sourceTree = "<group>";
		};
		E9165B95129B973000BE7F96 /* libfreenect */ = {
			isa = PBXGroup;
			children = (
				E9165B96129B973000BE7F96 /* include */,
				E9165B99129B973000BE7F96 /* lib */,
			);
			path = libfreenect;
			sourceTree = "<group>";
		};
		E9165B96129B973000BE7F96 /* include */ = {
			isa = PBXGroup;
			children = (
				E9165B97129B973000BE7F96 /* libfreenect.h */,
				E9165B98129B973000BE7F96 /* libfreenect.hpp */,
			);
			path = include;
			sourceTree = "<group>";
		};
		E9165B99129B973000BE7F96 /* lib */ = {
			isa = PBXGroup;
			children = (
				E9165B9A129B973000BE7F96 /* cameras.c */,
				E9165B9B129B973000BE7F96 /* CMakeLists.txt */,
				E9165B9C129B973000BE7F96 /* core.c */,
				E9165B9D129B973000BE7F96 /* freenect_internal.h */,
				E9165B9E129B973000BE7F96 /* tilt.c */,
				E9165B9F129B973000BE7F96 /* usb_libusb10.c */,
				E9165BA0129B973000BE7F96 /* usb_libusb10.h */,
			);
			path = lib;
			sourceTree = "<group>";
		};
		E9165BA1129B973000BE7F96 /* libusb */ = {
			isa = PBXGroup;
			children = (
				E9165BA2129B973000BE7F96 /* include */,
				E9165BA4129B973000BE7F96 /* lib */,
			);
			path = libusb;
			sourceTree = "<group>";
		};
		E9165BA2129B973000BE7F96 /* include */ = {
			isa = PBXGroup;
			children = (
				E9165BA3129B973000BE7F96 /* libusb.h */,
			);
			path = include;
			sourceTree = "<group>";
		};
		E9165BA4129B973000BE7F96 /* lib */ = {
			isa = PBXGroup;
			children = (
				E904C18C129EBEC600D98879 /* libusb-1.0.0.dylib */,
			);
			path = lib;
			sourceTree = "<group>";
		};
/* End PBXGroup section */

/* Begin PBXNativeTarget section */
		8D1107260486CEB800E47090 /* flKinect */ = {
			isa = PBXNativeTarget;
			buildConfigurationList = C01FCF4A08A954540054247B /* Build configuration list for PBXNativeTarget "flKinect" */;
			buildPhases = (
				8D1107290486CEB800E47090 /* Resources */,
				8D11072C0486CEB800E47090 /* Sources */,
				8D11072E0486CEB800E47090 /* Frameworks */,
			);
			buildRules = (
			);
			dependencies = (
			);
			name = flKinect;
			productInstallPath = "$(HOME)/Applications";
			productName = flKinect;
			productReference = 8D1107320486CEB800E47090 /* flKinect.app */;
			productType = "com.apple.product-type.application";
		};
/* End PBXNativeTarget section */

/* Begin PBXProject section */
		29B97313FDCFA39411CA2CEA /* Project object */ = {
			isa = PBXProject;
			attributes = {
				ORGANIZATIONNAME = KIMULABO;
			};
			buildConfigurationList = C01FCF4E08A954540054247B /* Build configuration list for PBXProject "flKinect" */;
			compatibilityVersion = "Xcode 3.0";
			developmentRegion = English;
			hasScannedForEncodings = 1;
			knownRegions = (
				English,
				Japanese,
				French,
				German,
			);
			mainGroup = 29B97314FDCFA39411CA2CEA /* flKinect */;
			projectDirPath = "";
			projectRoot = "";
			targets = (
				8D1107260486CEB800E47090 /* flKinect */,
			);
		};
/* End PBXProject section */

/* Begin PBXResourcesBuildPhase section */
		8D1107290486CEB800E47090 /* Resources */ = {
			isa = PBXResourcesBuildPhase;
			buildActionMask = 2147483647;
			files = (
				8D11072A0486CEB800E47090 /* MainMenu.nib in Resources */,
				8D11072B0486CEB800E47090 /* InfoPlist.strings in Resources */,
				E9165BB3129B975900BE7F96 /* icon.icns in Resources */,
			);
			runOnlyForDeploymentPostprocessing = 0;
		};
/* End PBXResourcesBuildPhase section */

/* Begin PBXSourcesBuildPhase section */
		8D11072C0486CEB800E47090 /* Sources */ = {
			isa = PBXSourcesBuildPhase;
			buildActionMask = 2147483647;
			files = (
				8D11072D0486CEB800E47090 /* main.m in Sources */,
				E9165BA6129B973000BE7F96 /* cameras.c in Sources */,
				E9165BA8129B973000BE7F96 /* core.c in Sources */,
				E9165BA9129B973000BE7F96 /* tilt.c in Sources */,
				E9165BAA129B973000BE7F96 /* usb_libusb10.c in Sources */,
				E9165BB0129B974C00BE7F96 /* AppController.m in Sources */,
				E9165BB1129B974C00BE7F96 /* SocketServer.m in Sources */,
				E9165BDD129B9AB500BE7F96 /* Kinect.m in Sources */,
			);
			runOnlyForDeploymentPostprocessing = 0;
		};
/* End PBXSourcesBuildPhase section */

/* Begin PBXVariantGroup section */
		089C165CFE840E0CC02AAC07 /* InfoPlist.strings */ = {
			isa = PBXVariantGroup;
			children = (
				089C165DFE840E0CC02AAC07 /* English */,
			);
			name = InfoPlist.strings;
			sourceTree = "<group>";
		};
		29B97318FDCFA39411CA2CEA /* MainMenu.nib */ = {
			isa = PBXVariantGroup;
			children = (
				29B97319FDCFA39411CA2CEA /* English */,
			);
			name = MainMenu.nib;
			sourceTree = "<group>";
		};
/* End PBXVariantGroup section */

/* Begin XCBuildConfiguration section */
		C01FCF4B08A954540054247B /* Debug */ = {
			isa = XCBuildConfiguration;
			buildSettings = {
				ARCHS = "$(NATIVE_ARCH_ACTUAL)";
				COPY_PHASE_STRIP = NO;
				GCC_DYNAMIC_NO_PIC = NO;
				GCC_ENABLE_FIX_AND_CONTINUE = YES;
				GCC_ENABLE_OBJC_GC = unsupported;
				GCC_MODEL_TUNING = G5;
				GCC_OPTIMIZATION_LEVEL = 0;
				GCC_PRECOMPILE_PREFIX_HEADER = YES;
				GCC_PREFIX_HEADER = flKinect_Prefix.pch;
				INFOPLIST_FILE = Info.plist;
				INSTALL_PATH = "$(HOME)/Applications";
				LIBRARY_SEARCH_PATHS = (
					"$(inherited)",
					Contents/Resources/,
					"\"$(SRCROOT)/libs/libusb/lib\"",
				);
				PRODUCT_NAME = flKinect;
				WRAPPER_EXTENSION = app;
				ZERO_LINK = YES;
			};
			name = Debug;
		};
		C01FCF4C08A954540054247B /* Release */ = {
			isa = XCBuildConfiguration;
			buildSettings = {
				ARCHS = "$(NATIVE_ARCH_ACTUAL)";
				DEBUG_INFORMATION_FORMAT = "dwarf-with-dsym";
				GCC_ENABLE_OBJC_GC = unsupported;
				GCC_MODEL_TUNING = G5;
				GCC_PRECOMPILE_PREFIX_HEADER = YES;
				GCC_PREFIX_HEADER = flKinect_Prefix.pch;
				INFOPLIST_FILE = Info.plist;
				INSTALL_PATH = "$(HOME)/Applications";
				LIBRARY_SEARCH_PATHS = (
					"$(inherited)",
					Contents/Resources/,
					"\"$(SRCROOT)/libs/libusb/lib\"",
				);
				PRODUCT_NAME = flKinect;
				WRAPPER_EXTENSION = app;
			};
			name = Release;
		};
		C01FCF4F08A954540054247B /* Debug */ = {
			isa = XCBuildConfiguration;
			buildSettings = {
				GCC_WARN_ABOUT_RETURN_TYPE = YES;
				GCC_WARN_UNUSED_VARIABLE = YES;
				PREBINDING = NO;
				SDKROOT = "$(DEVELOPER_SDK_DIR)/MacOSX10.5.sdk";
			};
			name = Debug;
		};
		C01FCF5008A954540054247B /* Release */ = {
			isa = XCBuildConfiguration;
			buildSettings = {
				ARCHS = (
					ppc,
					i386,
				);
				GCC_WARN_ABOUT_RETURN_TYPE = YES;
				GCC_WARN_UNUSED_VARIABLE = YES;
				PREBINDING = NO;
				SDKROOT = "$(DEVELOPER_SDK_DIR)/MacOSX10.5.sdk";
			};
			name = Release;
		};
/* End XCBuildConfiguration section */

/* Begin XCConfigurationList section */
		C01FCF4A08A954540054247B /* Build configuration list for PBXNativeTarget "flKinect" */ = {
			isa = XCConfigurationList;
			buildConfigurations = (
				C01FCF4B08A954540054247B /* Debug */,
				C01FCF4C08A954540054247B /* Release */,
			);
			defaultConfigurationIsVisible = 0;
			defaultConfigurationName = Release;
		};
		C01FCF4E08A954540054247B /* Build configuration list for PBXProject "flKinect" */ = {
			isa = XCConfigurationList;
			buildConfigurations = (
				C01FCF4F08A954540054247B /* Debug */,
				C01FCF5008A954540054247B /* Release */,
			);
			defaultConfigurationIsVisible = 0;
			defaultConfigurationName = Release;
		};
/* End XCConfigurationList section */
	};
	rootObject = 29B97313FDCFA39411CA2CEA /* Project object */;
}
